
Microsoft Visual Studio Solution File, Format Version 12.00
# Visual Studio Version 17
VisualStudioVersion = 17.14.36429.23 d17.14
MinimumVisualStudioVersion = 10.0.40219.1
Project("{FAE04EC0-301F-11D3-BF4B-00C04F79EFBC}") = "sve", "src\cSharp\sve\sve.csproj", "{93D7C8F8-0C85-4D81-A6E2-1B8F543BC7A2}"
EndProject
Project("{FAE04EC0-301F-11D3-BF4B-00C04F79EFBC}") = "sve.tests", "src\cSharp\sve.tests\sve.tests.csproj", "{6EFE7CA4-E464-42E5-8084-F6042EF8397D}"
EndProject
Global
Project("{FAE04EC0-301F-11D3-BF4B-00C04F79EFBC}") = "sveCore", "src\cSharp\sveCore\sveCore.csproj", "{D85762F8-0BFA-485F-B880-4D28F1821FA4}"
EndProject

Project("{FAE04EC0-301F-11D3-BF4B-00C04F79EFBC}") = "sveDapper", "src\cSharp\sveDapper\sveDapper.csproj", "{50BC2DDB-06C0-4C99-997A-ADB8484DF396}"
EndProject

Project("{FAE04EC0-301F-11D3-BF4B-00C04F79EFBC}") = "sveServices", "src\cSharp\sveServices\sveServices.csproj", "{50BC2DDB-06C0-4C99-997A-ADB8484DF396}"
EndProject


	GlobalSection(SolutionConfigurationPlatforms) = preSolution
		Debug|Any CPU = Debug|Any CPU
		Release|Any CPU = Release|Any CPU
	EndGlobalSection
	GlobalSection(ProjectConfigurationPlatforms) = postSolution
		{93D7C8F8-0C85-4D81-A6E2-1B8F543BC7A2}.Debug|Any CPU.ActiveCfg = Debug|Any CPU
		{93D7C8F8-0C85-4D81-A6E2-1B8F543BC7A2}.Debug|Any CPU.Build.0 = Debug|Any CPU
		{93D7C8F8-0C85-4D81-A6E2-1B8F543BC7A2}.Release|Any CPU.ActiveCfg = Release|Any CPU
		{93D7C8F8-0C85-4D81-A6E2-1B8F543BC7A2}.Release|Any CPU.Build.0 = Release|Any CPU
		{6EFE7CA4-E464-42E5-8084-F6042EF8397D}.Debug|Any CPU.ActiveCfg = Debug|Any CPU
		{6EFE7CA4-E464-42E5-8084-F6042EF8397D}.Debug|Any CPU.Build.0 = Debug|Any CPU
		{6EFE7CA4-E464-42E5-8084-F6042EF8397D}.Release|Any CPU.ActiveCfg = Release|Any CPU
		{6EFE7CA4-E464-42E5-8084-F6042EF8397D}.Release|Any CPU.Build.0 = Release|Any CPU
	EndGlobalSection
	GlobalSection(SolutionProperties) = preSolution
		HideSolutionNode = FALSE
	EndGlobalSection
	GlobalSection(ExtensibilityGlobals) = postSolution
		SolutionGuid = {C1669841-C6CB-4DBE-8C2F-3296A6A3C402}
	EndGlobalSection
EndGlobal
